
Microsoft Visual Studio Solution File, Format Version 12.00
# Visual Studio Version 17
VisualStudioVersion = 17.5.33424.131
MinimumVisualStudioVersion = 10.0.40219.1
Project("{FAE04EC0-301F-11D3-BF4B-00C04F79EFBC}") = "Hafta5TimerFormlarArasiVeriDragDropMDIForm", "Hafta5TimerFormlarArasiVeriDragDropMDIForm.csproj", "{933593D1-FBA1-40AF-B855-C11AE05B73CE}"
EndProject
Global
	GlobalSection(SolutionConfigurationPlatforms) = preSolution
		Debug|Any CPU = Debug|Any CPU
		Release|Any CPU = Release|Any CPU
	EndGlobalSection
	GlobalSection(ProjectConfigurationPlatforms) = postSolution
		{933593D1-FBA1-40AF-B855-C11AE05B73CE}.Debug|Any CPU.ActiveCfg = Debug|Any CPU
		{933593D1-FBA1-40AF-B855-C11AE05B73CE}.Debug|Any CPU.Build.0 = Debug|Any CPU
		{933593D1-FBA1-40AF-B855-C11AE05B73CE}.Release|Any CPU.ActiveCfg = Release|Any CPU
		{933593D1-FBA1-40AF-B855-C11AE05B73CE}.Release|Any CPU.Build.0 = Release|Any CPU
	EndGlobalSection
	GlobalSection(SolutionProperties) = preSolution
		HideSolutionNode = FALSE
	EndGlobalSection
	GlobalSection(ExtensibilityGlobals) = postSolution
		SolutionGuid = {9FFBD84E-D710-41A6-8B94-447C3E56A62F}
	EndGlobalSection
EndGlobal
