
Microsoft Visual Studio Solution File, Format Version 12.00
# Visual Studio Version 17
VisualStudioVersion = 17.5.33424.131
MinimumVisualStudioVersion = 10.0.40219.1
Project("{FAE04EC0-301F-11D3-BF4B-00C04F79EFBC}") = "Hafta7NotepadUygulamasi", "Hafta7NotepadUygulamasi.csproj", "{2D3876CE-C7E9-4AB1-AEC6-2FE233C082B7}"
EndProject
Global
	GlobalSection(SolutionConfigurationPlatforms) = preSolution
		Debug|Any CPU = Debug|Any CPU
		Release|Any CPU = Release|Any CPU
	EndGlobalSection
	GlobalSection(ProjectConfigurationPlatforms) = postSolution
		{2D3876CE-C7E9-4AB1-AEC6-2FE233C082B7}.Debug|Any CPU.ActiveCfg = Debug|Any CPU
		{2D3876CE-C7E9-4AB1-AEC6-2FE233C082B7}.Debug|Any CPU.Build.0 = Debug|Any CPU
		{2D3876CE-C7E9-4AB1-AEC6-2FE233C082B7}.Release|Any CPU.ActiveCfg = Release|Any CPU
		{2D3876CE-C7E9-4AB1-AEC6-2FE233C082B7}.Release|Any CPU.Build.0 = Release|Any CPU
	EndGlobalSection
	GlobalSection(SolutionProperties) = preSolution
		HideSolutionNode = FALSE
	EndGlobalSection
	GlobalSection(ExtensibilityGlobals) = postSolution
		SolutionGuid = {0F103963-594D-44E6-BE1C-51F08EB1573C}
	EndGlobalSection
EndGlobal
